# This file is automatically @generated by Cargo.
# It is not intended for manual editing.
[[package]]
name = "FFXIV_Crafting_Optimizer"
version = "0.1.0"
dependencies = [
 "trees",
]

[[package]]
name = "trees"
version = "0.4.1"
source = "registry+https://github.com/rust-lang/crates.io-index"
checksum = "2ad8f79e576c13e2c6d84b02b2db736b8e656ab40c64e04353a603d6656186a3"
